
Microsoft Visual Studio Solution File, Format Version 12.00
# Visual Studio Version 16
VisualStudioVersion = 16.0.30621.155
MinimumVisualStudioVersion = 10.0.40219.1
Project("{FAE04EC0-301F-11D3-BF4B-00C04F79EFBC}") = "microStudio Project Backuper", "microStudio Project Backuper\microStudio Project Backuper.csproj", "{909FC38D-CCE2-4E0E-8147-D7E147FFAC29}"
EndProject
Global
	GlobalSection(SolutionConfigurationPlatforms) = preSolution
		Debug|Any CPU = Debug|Any CPU
		Release|Any CPU = Release|Any CPU
	EndGlobalSection
	GlobalSection(ProjectConfigurationPlatforms) = postSolution
		{909FC38D-CCE2-4E0E-8147-D7E147FFAC29}.Debug|Any CPU.ActiveCfg = Debug|Any CPU
		{909FC38D-CCE2-4E0E-8147-D7E147FFAC29}.Debug|Any CPU.Build.0 = Debug|Any CPU
		{909FC38D-CCE2-4E0E-8147-D7E147FFAC29}.Release|Any CPU.ActiveCfg = Release|Any CPU
		{909FC38D-CCE2-4E0E-8147-D7E147FFAC29}.Release|Any CPU.Build.0 = Release|Any CPU
	EndGlobalSection
	GlobalSection(SolutionProperties) = preSolution
		HideSolutionNode = FALSE
	EndGlobalSection
	GlobalSection(ExtensibilityGlobals) = postSolution
		SolutionGuid = {C96640F2-7713-4B6F-B32E-5CE7A11FB892}
	EndGlobalSection
EndGlobal
